
Microsoft Visual Studio Solution File, Format Version 12.00
# Visual Studio Version 17
VisualStudioVersion = 17.9.34310.174
MinimumVisualStudioVersion = 10.0.40219.1
Project("{9A19103F-16F7-4668-BE54-9A1E7A4F7556}") = "XT.FeSql", "XT.FeSql.csproj", "{3C4A87C0-62F4-4DA7-980F-4A82F9496F16}"
EndProject
Global
	GlobalSection(SolutionConfigurationPlatforms) = preSolution
		Debug|Any CPU = Debug|Any CPU
		Release|Any CPU = Release|Any CPU
	EndGlobalSection
	GlobalSection(ProjectConfigurationPlatforms) = postSolution
		{3C4A87C0-62F4-4DA7-980F-4A82F9496F16}.Debug|Any CPU.ActiveCfg = Debug|Any CPU
		{3C4A87C0-62F4-4DA7-980F-4A82F9496F16}.Debug|Any CPU.Build.0 = Debug|Any CPU
		{3C4A87C0-62F4-4DA7-980F-4A82F9496F16}.Release|Any CPU.ActiveCfg = Release|Any CPU
		{3C4A87C0-62F4-4DA7-980F-4A82F9496F16}.Release|Any CPU.Build.0 = Release|Any CPU
	EndGlobalSection
	GlobalSection(SolutionProperties) = preSolution
		HideSolutionNode = FALSE
	EndGlobalSection
	GlobalSection(ExtensibilityGlobals) = postSolution
		SolutionGuid = {16F3D556-1ACF-4FF7-AA6E-D54B226F16A0}
	EndGlobalSection
EndGlobal
